// !$*UTF8*$!
{
	archiveVersion = 1;
	classes = {
	};
	objectVersion = 56;
	objects = {

/* Begin PBXBuildFile section */
		6E510B632A915EFC00453767 /* CharacterCardCell.swift in Sources */ = {isa = PBXBuildFile; fileRef = 6E510B622A915EFC00453767 /* CharacterCardCell.swift */; };
		6E510B652A91638A00453767 /* CharactersCollectionView.swift in Sources */ = {isa = PBXBuildFile; fileRef = 6E510B642A91638A00453767 /* CharactersCollectionView.swift */; };
		6E510B672A9163BF00453767 /* Resources.swift in Sources */ = {isa = PBXBuildFile; fileRef = 6E510B662A9163BF00453767 /* Resources.swift */; };
		6E510B692A9165FC00453767 /* CharactersHeaderView.swift in Sources */ = {isa = PBXBuildFile; fileRef = 6E510B682A9165FC00453767 /* CharactersHeaderView.swift */; };
		6E510B6D2A916AC300453767 /* CharactersCollectionViewFlowLayout.swift in Sources */ = {isa = PBXBuildFile; fileRef = 6E510B6C2A916AC300453767 /* CharactersCollectionViewFlowLayout.swift */; };
		6EA346192A8E8A340078380C /* AppDelegate.swift in Sources */ = {isa = PBXBuildFile; fileRef = 6EA346182A8E8A340078380C /* AppDelegate.swift */; };
		6EA3461B2A8E8A340078380C /* SceneDelegate.swift in Sources */ = {isa = PBXBuildFile; fileRef = 6EA3461A2A8E8A340078380C /* SceneDelegate.swift */; };
		6EA3461D2A8E8A340078380C /* CharactersViewController.swift in Sources */ = {isa = PBXBuildFile; fileRef = 6EA3461C2A8E8A340078380C /* CharactersViewController.swift */; };
		6EA346222A8E8A350078380C /* Assets.xcassets in Resources */ = {isa = PBXBuildFile; fileRef = 6EA346212A8E8A350078380C /* Assets.xcassets */; };
		6EA346252A8E8A350078380C /* LaunchScreen.storyboard in Resources */ = {isa = PBXBuildFile; fileRef = 6EA346232A8E8A350078380C /* LaunchScreen.storyboard */; };
		6EA346302A8E9C0E0078380C /* Gilroy-Bold.ttf in Resources */ = {isa = PBXBuildFile; fileRef = 6EA3462D2A8E9C0E0078380C /* Gilroy-Bold.ttf */; };
		6EA346312A8E9C0E0078380C /* Gilroy-Medium.ttf in Resources */ = {isa = PBXBuildFile; fileRef = 6EA3462E2A8E9C0E0078380C /* Gilroy-Medium.ttf */; };
		6EA346322A8E9C0E0078380C /* Gilroy-Semibold.ttf in Resources */ = {isa = PBXBuildFile; fileRef = 6EA3462F2A8E9C0E0078380C /* Gilroy-Semibold.ttf */; };
/* End PBXBuildFile section */

/* Begin PBXFileReference section */
		6E510B622A915EFC00453767 /* CharacterCardCell.swift */ = {isa = PBXFileReference; lastKnownFileType = sourcecode.swift; path = CharacterCardCell.swift; sourceTree = "<group>"; };
		6E510B642A91638A00453767 /* CharactersCollectionView.swift */ = {isa = PBXFileReference; lastKnownFileType = sourcecode.swift; path = CharactersCollectionView.swift; sourceTree = "<group>"; };
		6E510B662A9163BF00453767 /* Resources.swift */ = {isa = PBXFileReference; lastKnownFileType = sourcecode.swift; path = Resources.swift; sourceTree = "<group>"; };
		6E510B682A9165FC00453767 /* CharactersHeaderView.swift */ = {isa = PBXFileReference; lastKnownFileType = sourcecode.swift; path = CharactersHeaderView.swift; sourceTree = "<group>"; };
		6E510B6C2A916AC300453767 /* CharactersCollectionViewFlowLayout.swift */ = {isa = PBXFileReference; lastKnownFileType = sourcecode.swift; path = CharactersCollectionViewFlowLayout.swift; sourceTree = "<group>"; };
		6EA346152A8E8A340078380C /* RickNMorty.app */ = {isa = PBXFileReference; explicitFileType = wrapper.application; includeInIndex = 0; path = RickNMorty.app; sourceTree = BUILT_PRODUCTS_DIR; };
		6EA346182A8E8A340078380C /* AppDelegate.swift */ = {isa = PBXFileReference; lastKnownFileType = sourcecode.swift; path = AppDelegate.swift; sourceTree = "<group>"; };
		6EA3461A2A8E8A340078380C /* SceneDelegate.swift */ = {isa = PBXFileReference; lastKnownFileType = sourcecode.swift; path = SceneDelegate.swift; sourceTree = "<group>"; };
		6EA3461C2A8E8A340078380C /* CharactersViewController.swift */ = {isa = PBXFileReference; lastKnownFileType = sourcecode.swift; path = CharactersViewController.swift; sourceTree = "<group>"; };
		6EA346212A8E8A350078380C /* Assets.xcassets */ = {isa = PBXFileReference; lastKnownFileType = folder.assetcatalog; path = Assets.xcassets; sourceTree = "<group>"; };
		6EA346242A8E8A350078380C /* Base */ = {isa = PBXFileReference; lastKnownFileType = file.storyboard; name = Base; path = Base.lproj/LaunchScreen.storyboard; sourceTree = "<group>"; };
		6EA346262A8E8A350078380C /* Info.plist */ = {isa = PBXFileReference; lastKnownFileType = text.plist.xml; path = Info.plist; sourceTree = "<group>"; };
		6EA3462D2A8E9C0E0078380C /* Gilroy-Bold.ttf */ = {isa = PBXFileReference; lastKnownFileType = file; path = "Gilroy-Bold.ttf"; sourceTree = "<group>"; };
		6EA3462E2A8E9C0E0078380C /* Gilroy-Medium.ttf */ = {isa = PBXFileReference; lastKnownFileType = file; path = "Gilroy-Medium.ttf"; sourceTree = "<group>"; };
		6EA3462F2A8E9C0E0078380C /* Gilroy-Semibold.ttf */ = {isa = PBXFileReference; lastKnownFileType = file; path = "Gilroy-Semibold.ttf"; sourceTree = "<group>"; };
/* End PBXFileReference section */

/* Begin PBXFrameworksBuildPhase section */
		6EA346122A8E8A340078380C /* Frameworks */ = {
			isa = PBXFrameworksBuildPhase;
			buildActionMask = 2147483647;
			files = (
			);
			runOnlyForDeploymentPostprocessing = 0;
		};
/* End PBXFrameworksBuildPhase section */

/* Begin PBXGroup section */
		6E510B6A2A9168FC00453767 /* Views */ = {
			isa = PBXGroup;
			children = (
				6E510B622A915EFC00453767 /* CharacterCardCell.swift */,
				6E510B642A91638A00453767 /* CharactersCollectionView.swift */,
				6E510B682A9165FC00453767 /* CharactersHeaderView.swift */,
				6E510B6C2A916AC300453767 /* CharactersCollectionViewFlowLayout.swift */,
			);
			path = Views;
			sourceTree = "<group>";
		};
		6E510B6B2A91690D00453767 /* Application */ = {
			isa = PBXGroup;
			children = (
				6E510B662A9163BF00453767 /* Resources.swift */,
				6EA3462C2A8E9BF60078380C /* fonts */,
				6EA346182A8E8A340078380C /* AppDelegate.swift */,
				6EA3461A2A8E8A340078380C /* SceneDelegate.swift */,
				6EA346212A8E8A350078380C /* Assets.xcassets */,
				6EA346232A8E8A350078380C /* LaunchScreen.storyboard */,
				6EA346262A8E8A350078380C /* Info.plist */,
			);
			path = Application;
			sourceTree = "<group>";
		};
		6E510B6E2A917D4100453767 /* Controllers */ = {
			isa = PBXGroup;
			children = (
				6EA3461C2A8E8A340078380C /* CharactersViewController.swift */,
			);
			path = Controllers;
			sourceTree = "<group>";
		};
		6EA3460C2A8E8A340078380C = {
			isa = PBXGroup;
			children = (
				6EA346172A8E8A340078380C /* RickNMorty */,
				6EA346162A8E8A340078380C /* Products */,
			);
			sourceTree = "<group>";
		};
		6EA346162A8E8A340078380C /* Products */ = {
			isa = PBXGroup;
			children = (
				6EA346152A8E8A340078380C /* RickNMorty.app */,
			);
			name = Products;
			sourceTree = "<group>";
		};
		6EA346172A8E8A340078380C /* RickNMorty */ = {
			isa = PBXGroup;
			children = (
				6E510B6E2A917D4100453767 /* Controllers */,
				6E510B6A2A9168FC00453767 /* Views */,
				6E510B6B2A91690D00453767 /* Application */,
			);
			path = RickNMorty;
			sourceTree = "<group>";
		};
		6EA3462C2A8E9BF60078380C /* fonts */ = {
			isa = PBXGroup;
			children = (
				6EA3462D2A8E9C0E0078380C /* Gilroy-Bold.ttf */,
				6EA3462E2A8E9C0E0078380C /* Gilroy-Medium.ttf */,
				6EA3462F2A8E9C0E0078380C /* Gilroy-Semibold.ttf */,
			);
			path = fonts;
			sourceTree = "<group>";
		};
/* End PBXGroup section */

/* Begin PBXNativeTarget section */
		6EA346142A8E8A340078380C /* RickNMorty */ = {
			isa = PBXNativeTarget;
			buildConfigurationList = 6EA346292A8E8A350078380C /* Build configuration list for PBXNativeTarget "RickNMorty" */;
			buildPhases = (
				6EA346112A8E8A340078380C /* Sources */,
				6EA346122A8E8A340078380C /* Frameworks */,
				6EA346132A8E8A340078380C /* Resources */,
			);
			buildRules = (
			);
			dependencies = (
			);
			name = RickNMorty;
			productName = RickNMorty;
			productReference = 6EA346152A8E8A340078380C /* RickNMorty.app */;
			productType = "com.apple.product-type.application";
		};
/* End PBXNativeTarget section */

/* Begin PBXProject section */
		6EA3460D2A8E8A340078380C /* Project object */ = {
			isa = PBXProject;
			attributes = {
				BuildIndependentTargetsInParallel = 1;
				LastSwiftUpdateCheck = 1430;
				LastUpgradeCheck = 1430;
				TargetAttributes = {
					6EA346142A8E8A340078380C = {
						CreatedOnToolsVersion = 14.3.1;
					};
				};
			};
			buildConfigurationList = 6EA346102A8E8A340078380C /* Build configuration list for PBXProject "RickNMorty" */;
			compatibilityVersion = "Xcode 14.0";
			developmentRegion = en;
			hasScannedForEncodings = 0;
			knownRegions = (
				en,
				Base,
			);
			mainGroup = 6EA3460C2A8E8A340078380C;
			productRefGroup = 6EA346162A8E8A340078380C /* Products */;
			projectDirPath = "";
			projectRoot = "";
			targets = (
				6EA346142A8E8A340078380C /* RickNMorty */,
			);
		};
/* End PBXProject section */

/* Begin PBXResourcesBuildPhase section */
		6EA346132A8E8A340078380C /* Resources */ = {
			isa = PBXResourcesBuildPhase;
			buildActionMask = 2147483647;
			files = (
				6EA346302A8E9C0E0078380C /* Gilroy-Bold.ttf in Resources */,
				6EA346322A8E9C0E0078380C /* Gilroy-Semibold.ttf in Resources */,
				6EA346312A8E9C0E0078380C /* Gilroy-Medium.ttf in Resources */,
				6EA346252A8E8A350078380C /* LaunchScreen.storyboard in Resources */,
				6EA346222A8E8A350078380C /* Assets.xcassets in Resources */,
			);
			runOnlyForDeploymentPostprocessing = 0;
		};
/* End PBXResourcesBuildPhase section */

/* Begin PBXSourcesBuildPhase section */
		6EA346112A8E8A340078380C /* Sources */ = {
			isa = PBXSourcesBuildPhase;
			buildActionMask = 2147483647;
			files = (
				6E510B652A91638A00453767 /* CharactersCollectionView.swift in Sources */,
				6E510B692A9165FC00453767 /* CharactersHeaderView.swift in Sources */,
				6E510B632A915EFC00453767 /* CharacterCardCell.swift in Sources */,
				6E510B6D2A916AC300453767 /* CharactersCollectionViewFlowLayout.swift in Sources */,
				6E510B672A9163BF00453767 /* Resources.swift in Sources */,
				6EA3461D2A8E8A340078380C /* CharactersViewController.swift in Sources */,
				6EA346192A8E8A340078380C /* AppDelegate.swift in Sources */,
				6EA3461B2A8E8A340078380C /* SceneDelegate.swift in Sources */,
			);
			runOnlyForDeploymentPostprocessing = 0;
		};
/* End PBXSourcesBuildPhase section */

/* Begin PBXVariantGroup section */
		6EA346232A8E8A350078380C /* LaunchScreen.storyboard */ = {
			isa = PBXVariantGroup;
			children = (
				6EA346242A8E8A350078380C /* Base */,
			);
			name = LaunchScreen.storyboard;
			sourceTree = "<group>";
		};
/* End PBXVariantGroup section */

/* Begin XCBuildConfiguration section */
		6EA346272A8E8A350078380C /* Debug */ = {
			isa = XCBuildConfiguration;
			buildSettings = {
				ALWAYS_SEARCH_USER_PATHS = NO;
				CLANG_ANALYZER_NONNULL = YES;
				CLANG_ANALYZER_NUMBER_OBJECT_CONVERSION = YES_AGGRESSIVE;
				CLANG_CXX_LANGUAGE_STANDARD = "gnu++20";
				CLANG_ENABLE_MODULES = YES;
				CLANG_ENABLE_OBJC_ARC = YES;
				CLANG_ENABLE_OBJC_WEAK = YES;
				CLANG_WARN_BLOCK_CAPTURE_AUTORELEASING = YES;
				CLANG_WARN_BOOL_CONVERSION = YES;
				CLANG_WARN_COMMA = YES;
				CLANG_WARN_CONSTANT_CONVERSION = YES;
				CLANG_WARN_DEPRECATED_OBJC_IMPLEMENTATIONS = YES;
				CLANG_WARN_DIRECT_OBJC_ISA_USAGE = YES_ERROR;
				CLANG_WARN_DOCUMENTATION_COMMENTS = YES;
				CLANG_WARN_EMPTY_BODY = YES;
				CLANG_WARN_ENUM_CONVERSION = YES;
				CLANG_WARN_INFINITE_RECURSION = YES;
				CLANG_WARN_INT_CONVERSION = YES;
				CLANG_WARN_NON_LITERAL_NULL_CONVERSION = YES;
				CLANG_WARN_OBJC_IMPLICIT_RETAIN_SELF = YES;
				CLANG_WARN_OBJC_LITERAL_CONVERSION = YES;
				CLANG_WARN_OBJC_ROOT_CLASS = YES_ERROR;
				CLANG_WARN_QUOTED_INCLUDE_IN_FRAMEWORK_HEADER = YES;
				CLANG_WARN_RANGE_LOOP_ANALYSIS = YES;
				CLANG_WARN_STRICT_PROTOTYPES = YES;
				CLANG_WARN_SUSPICIOUS_MOVE = YES;
				CLANG_WARN_UNGUARDED_AVAILABILITY = YES_AGGRESSIVE;
				CLANG_WARN_UNREACHABLE_CODE = YES;
				CLANG_WARN__DUPLICATE_METHOD_MATCH = YES;
				COPY_PHASE_STRIP = NO;
				DEBUG_INFORMATION_FORMAT = dwarf;
				ENABLE_STRICT_OBJC_MSGSEND = YES;
				ENABLE_TESTABILITY = YES;
				GCC_C_LANGUAGE_STANDARD = gnu11;
				GCC_DYNAMIC_NO_PIC = NO;
				GCC_NO_COMMON_BLOCKS = YES;
				GCC_OPTIMIZATION_LEVEL = 0;
				GCC_PREPROCESSOR_DEFINITIONS = (
					"DEBUG=1",
					"$(inherited)",
				);
				GCC_WARN_64_TO_32_BIT_CONVERSION = YES;
				GCC_WARN_ABOUT_RETURN_TYPE = YES_ERROR;
				GCC_WARN_UNDECLARED_SELECTOR = YES;
				GCC_WARN_UNINITIALIZED_AUTOS = YES_AGGRESSIVE;
				GCC_WARN_UNUSED_FUNCTION = YES;
				GCC_WARN_UNUSED_VARIABLE = YES;
				IPHONEOS_DEPLOYMENT_TARGET = 16.4;
				MTL_ENABLE_DEBUG_INFO = INCLUDE_SOURCE;
				MTL_FAST_MATH = YES;
				ONLY_ACTIVE_ARCH = YES;
				SDKROOT = iphoneos;
				SWIFT_ACTIVE_COMPILATION_CONDITIONS = DEBUG;
				SWIFT_OPTIMIZATION_LEVEL = "-Onone";
			};
			name = Debug;
		};
		6EA346282A8E8A350078380C /* Release */ = {
			isa = XCBuildConfiguration;
			buildSettings = {
				ALWAYS_SEARCH_USER_PATHS = NO;
				CLANG_ANALYZER_NONNULL = YES;
				CLANG_ANALYZER_NUMBER_OBJECT_CONVERSION = YES_AGGRESSIVE;
				CLANG_CXX_LANGUAGE_STANDARD = "gnu++20";
				CLANG_ENABLE_MODULES = YES;
				CLANG_ENABLE_OBJC_ARC = YES;
				CLANG_ENABLE_OBJC_WEAK = YES;
				CLANG_WARN_BLOCK_CAPTURE_AUTORELEASING = YES;
				CLANG_WARN_BOOL_CONVERSION = YES;
				CLANG_WARN_COMMA = YES;
				CLANG_WARN_CONSTANT_CONVERSION = YES;
				CLANG_WARN_DEPRECATED_OBJC_IMPLEMENTATIONS = YES;
				CLANG_WARN_DIRECT_OBJC_ISA_USAGE = YES_ERROR;
				CLANG_WARN_DOCUMENTATION_COMMENTS = YES;
				CLANG_WARN_EMPTY_BODY = YES;
				CLANG_WARN_ENUM_CONVERSION = YES;
				CLANG_WARN_INFINITE_RECURSION = YES;
				CLANG_WARN_INT_CONVERSION = YES;
				CLANG_WARN_NON_LITERAL_NULL_CONVERSION = YES;
				CLANG_WARN_OBJC_IMPLICIT_RETAIN_SELF = YES;
				CLANG_WARN_OBJC_LITERAL_CONVERSION = YES;
				CLANG_WARN_OBJC_ROOT_CLASS = YES_ERROR;
				CLANG_WARN_QUOTED_INCLUDE_IN_FRAMEWORK_HEADER = YES;
				CLANG_WARN_RANGE_LOOP_ANALYSIS = YES;
				CLANG_WARN_STRICT_PROTOTYPES = YES;
				CLANG_WARN_SUSPICIOUS_MOVE = YES;
				CLANG_WARN_UNGUARDED_AVAILABILITY = YES_AGGRESSIVE;
				CLANG_WARN_UNREACHABLE_CODE = YES;
				CLANG_WARN__DUPLICATE_METHOD_MATCH = YES;
				COPY_PHASE_STRIP = NO;
				DEBUG_INFORMATION_FORMAT = "dwarf-with-dsym";
				ENABLE_NS_ASSERTIONS = NO;
				ENABLE_STRICT_OBJC_MSGSEND = YES;
				GCC_C_LANGUAGE_STANDARD = gnu11;
				GCC_NO_COMMON_BLOCKS = YES;
				GCC_WARN_64_TO_32_BIT_CONVERSION = YES;
				GCC_WARN_ABOUT_RETURN_TYPE = YES_ERROR;
				GCC_WARN_UNDECLARED_SELECTOR = YES;
				GCC_WARN_UNINITIALIZED_AUTOS = YES_AGGRESSIVE;
				GCC_WARN_UNUSED_FUNCTION = YES;
				GCC_WARN_UNUSED_VARIABLE = YES;
				IPHONEOS_DEPLOYMENT_TARGET = 16.4;
				MTL_ENABLE_DEBUG_INFO = NO;
				MTL_FAST_MATH = YES;
				SDKROOT = iphoneos;
				SWIFT_COMPILATION_MODE = wholemodule;
				SWIFT_OPTIMIZATION_LEVEL = "-O";
				VALIDATE_PRODUCT = YES;
			};
			name = Release;
		};
		6EA3462A2A8E8A350078380C /* Debug */ = {
			isa = XCBuildConfiguration;
			buildSettings = {
				ASSETCATALOG_COMPILER_APPICON_NAME = AppIcon;
				ASSETCATALOG_COMPILER_GLOBAL_ACCENT_COLOR_NAME = AccentColor;
				CODE_SIGN_STYLE = Automatic;
				CURRENT_PROJECT_VERSION = 1;
				DEVELOPMENT_TEAM = 97TSG2SA93;
				GENERATE_INFOPLIST_FILE = YES;
				INFOPLIST_FILE = RickNMorty/Application/Info.plist;
				INFOPLIST_KEY_UIApplicationSupportsIndirectInputEvents = YES;
				INFOPLIST_KEY_UILaunchStoryboardName = LaunchScreen;
				INFOPLIST_KEY_UISupportedInterfaceOrientations = UIInterfaceOrientationPortrait;
				LD_RUNPATH_SEARCH_PATHS = (
					"$(inherited)",
					"@executable_path/Frameworks",
				);
				MARKETING_VERSION = 1.0;
				PRODUCT_BUNDLE_IDENTIFIER = example.artyom.RickNMorty;
				PRODUCT_NAME = "$(TARGET_NAME)";
				SWIFT_EMIT_LOC_STRINGS = YES;
				SWIFT_VERSION = 5.0;
				TARGETED_DEVICE_FAMILY = "1,2";
			};
			name = Debug;
		};
		6EA3462B2A8E8A350078380C /* Release */ = {
			isa = XCBuildConfiguration;
			buildSettings = {
				ASSETCATALOG_COMPILER_APPICON_NAME = AppIcon;
				ASSETCATALOG_COMPILER_GLOBAL_ACCENT_COLOR_NAME = AccentColor;
				CODE_SIGN_STYLE = Automatic;
				CURRENT_PROJECT_VERSION = 1;
				DEVELOPMENT_TEAM = 97TSG2SA93;
				GENERATE_INFOPLIST_FILE = YES;
				INFOPLIST_FILE = RickNMorty/Application/Info.plist;
				INFOPLIST_KEY_UIApplicationSupportsIndirectInputEvents = YES;
				INFOPLIST_KEY_UILaunchStoryboardName = LaunchScreen;
				INFOPLIST_KEY_UISupportedInterfaceOrientations = UIInterfaceOrientationPortrait;
				LD_RUNPATH_SEARCH_PATHS = (
					"$(inherited)",
					"@executable_path/Frameworks",
				);
				MARKETING_VERSION = 1.0;
				PRODUCT_BUNDLE_IDENTIFIER = example.artyom.RickNMorty;
				PRODUCT_NAME = "$(TARGET_NAME)";
				SWIFT_EMIT_LOC_STRINGS = YES;
				SWIFT_VERSION = 5.0;
				TARGETED_DEVICE_FAMILY = "1,2";
			};
			name = Release;
		};
/* End XCBuildConfiguration section */

/* Begin XCConfigurationList section */
		6EA346102A8E8A340078380C /* Build configuration list for PBXProject "RickNMorty" */ = {
			isa = XCConfigurationList;
			buildConfigurations = (
				6EA346272A8E8A350078380C /* Debug */,
				6EA346282A8E8A350078380C /* Release */,
			);
			defaultConfigurationIsVisible = 0;
			defaultConfigurationName = Release;
		};
		6EA346292A8E8A350078380C /* Build configuration list for PBXNativeTarget "RickNMorty" */ = {
			isa = XCConfigurationList;
			buildConfigurations = (
				6EA3462A2A8E8A350078380C /* Debug */,
				6EA3462B2A8E8A350078380C /* Release */,
			);
			defaultConfigurationIsVisible = 0;
			defaultConfigurationName = Release;
		};
/* End XCConfigurationList section */
	};
	rootObject = 6EA3460D2A8E8A340078380C /* Project object */;
}
